
Microsoft Visual Studio Solution File, Format Version 12.00
# Visual Studio Version 17
VisualStudioVersion = 17.11.35327.3
MinimumVisualStudioVersion = 10.0.40219.1
Project("{FAE04EC0-301F-11D3-BF4B-00C04F79EFBC}") = "MKR1", "MKR1.csproj", "{188F02DD-6F65-48E4-8308-E3D53B955605}"
EndProject
Global
	GlobalSection(SolutionConfigurationPlatforms) = preSolution
		Debug|Any CPU = Debug|Any CPU
		Release|Any CPU = Release|Any CPU
	EndGlobalSection
	GlobalSection(ProjectConfigurationPlatforms) = postSolution
		{188F02DD-6F65-48E4-8308-E3D53B955605}.Debug|Any CPU.ActiveCfg = Debug|Any CPU
		{188F02DD-6F65-48E4-8308-E3D53B955605}.Debug|Any CPU.Build.0 = Debug|Any CPU
		{188F02DD-6F65-48E4-8308-E3D53B955605}.Release|Any CPU.ActiveCfg = Release|Any CPU
		{188F02DD-6F65-48E4-8308-E3D53B955605}.Release|Any CPU.Build.0 = Release|Any CPU
	EndGlobalSection
	GlobalSection(SolutionProperties) = preSolution
		HideSolutionNode = FALSE
	EndGlobalSection
	GlobalSection(ExtensibilityGlobals) = postSolution
		SolutionGuid = {F4B66113-E385-488A-A161-BAF51377A9E4}
	EndGlobalSection
EndGlobal
